{
  "name": "tail",
  "version": "1.0.0",
  "lockfileVersion": 2,
  "requires": true,
  "packages": {
    "": {
      "name": "tail",
      "version": "1.0.0",
      "license": "ISC",
      "dependencies": {
        "@vant/weapp": "^1.10.8"
      }
    },
    "node_modules/@vant/weapp": {
      "version": "1.10.8",
      "resolved": "https://registry.npmmirror.com/@vant/weapp/-/weapp-1.10.8.tgz",
      "integrity": "sha512-/6w9U5UclF50ORqM2C9vo+oB5+PCOuLGpNI3cxYL1z0xWqPYratitLRhQx53Qo6k1I45Ri8DYGCb7C0qSKB/xg=="
    }
  },
  "dependencies": {
    "@vant/weapp": {
      "version": "1.10.8",
      "resolved": "https://registry.npmmirror.com/@vant/weapp/-/weapp-1.10.8.tgz",
      "integrity": "sha512-/6w9U5UclF50ORqM2C9vo+oB5+PCOuLGpNI3cxYL1z0xWqPYratitLRhQx53Qo6k1I45Ri8DYGCb7C0qSKB/xg=="
    }
  }
}
